
Microsoft Visual Studio Solution File, Format Version 12.00
# Visual Studio Version 16
VisualStudioVersion = 16.0.30204.135
MinimumVisualStudioVersion = 10.0.40219.1
Project("{FAE04EC0-301F-11D3-BF4B-00C04F79EFBC}") = "Pot-Remote-Control", "Pot-Remote-Control\Pot-Remote-Control.csproj", "{05B1F0A2-5D83-4102-A716-7473B68C82B2}"
EndProject
Global
	GlobalSection(SolutionConfigurationPlatforms) = preSolution
		Debug|Any CPU = Debug|Any CPU
		Release|Any CPU = Release|Any CPU
	EndGlobalSection
	GlobalSection(ProjectConfigurationPlatforms) = postSolution
		{05B1F0A2-5D83-4102-A716-7473B68C82B2}.Debug|Any CPU.ActiveCfg = Debug|Any CPU
		{05B1F0A2-5D83-4102-A716-7473B68C82B2}.Debug|Any CPU.Build.0 = Debug|Any CPU
		{05B1F0A2-5D83-4102-A716-7473B68C82B2}.Release|Any CPU.ActiveCfg = Release|Any CPU
		{05B1F0A2-5D83-4102-A716-7473B68C82B2}.Release|Any CPU.Build.0 = Release|Any CPU
	EndGlobalSection
	GlobalSection(SolutionProperties) = preSolution
		HideSolutionNode = FALSE
	EndGlobalSection
	GlobalSection(ExtensibilityGlobals) = postSolution
		SolutionGuid = {4B52D746-0839-4E41-BCA5-1523677238C6}
	EndGlobalSection
EndGlobal
